
Microsoft Visual Studio Solution File, Format Version 12.00
# Visual Studio Version 17
VisualStudioVersion = 17.0.32014.148
MinimumVisualStudioVersion = 10.0.40219.1
Project("{FAE04EC0-301F-11D3-BF4B-00C04F79EFBC}") = "CollaredBackend", "CollaredBackend\CollaredBackend.csproj", "{6751F2B8-A702-469A-BB23-CDCA2B0ACC78}"
EndProject
Global
	GlobalSection(SolutionConfigurationPlatforms) = preSolution
		Debug|Any CPU = Debug|Any CPU
		Release|Any CPU = Release|Any CPU
	EndGlobalSection
	GlobalSection(ProjectConfigurationPlatforms) = postSolution
		{6751F2B8-A702-469A-BB23-CDCA2B0ACC78}.Debug|Any CPU.ActiveCfg = Debug|Any CPU
		{6751F2B8-A702-469A-BB23-CDCA2B0ACC78}.Debug|Any CPU.Build.0 = Debug|Any CPU
		{6751F2B8-A702-469A-BB23-CDCA2B0ACC78}.Release|Any CPU.ActiveCfg = Release|Any CPU
		{6751F2B8-A702-469A-BB23-CDCA2B0ACC78}.Release|Any CPU.Build.0 = Release|Any CPU
	EndGlobalSection
	GlobalSection(SolutionProperties) = preSolution
		HideSolutionNode = FALSE
	EndGlobalSection
	GlobalSection(ExtensibilityGlobals) = postSolution
		SolutionGuid = {947BA06C-0168-48E7-B3B8-FD5332740521}
	EndGlobalSection
EndGlobal
